// !$*UTF8*$!
{
	archiveVersion = 1;
	classes = {
	};
	objectVersion = 46;
	objects = {

/* Begin PBXBuildFile section */
		41236B971D11E8450080500D /* AppDelegate.swift in Sources */ = {isa = PBXBuildFile; fileRef = 41236B961D11E8450080500D /* AppDelegate.swift */; };
		41236B991D11E8450080500D /* ViewController.swift in Sources */ = {isa = PBXBuildFile; fileRef = 41236B981D11E8450080500D /* ViewController.swift */; };
		41236B9C1D11E8450080500D /* Main.storyboard in Resources */ = {isa = PBXBuildFile; fileRef = 41236B9A1D11E8450080500D /* Main.storyboard */; };
		41236B9E1D11E8450080500D /* Assets.xcassets in Resources */ = {isa = PBXBuildFile; fileRef = 41236B9D1D11E8450080500D /* Assets.xcassets */; };
		41236BA11D11E8450080500D /* LaunchScreen.storyboard in Resources */ = {isa = PBXBuildFile; fileRef = 41236B9F1D11E8450080500D /* LaunchScreen.storyboard */; };
		41236BA91D13594E0080500D /* InteractiveStory.swift in Sources */ = {isa = PBXBuildFile; fileRef = 41236BA81D13594E0080500D /* InteractiveStory.swift */; };
		41236BAB1D1481060080500D /* PageController.swift in Sources */ = {isa = PBXBuildFile; fileRef = 41236BAA1D1481060080500D /* PageController.swift */; };
/* End PBXBuildFile section */

/* Begin PBXFileReference section */
		41236B931D11E8440080500D /* JuliansInteractiveStory.app */ = {isa = PBXFileReference; explicitFileType = wrapper.application; includeInIndex = 0; path = JuliansInteractiveStory.app; sourceTree = BUILT_PRODUCTS_DIR; };
		41236B961D11E8450080500D /* AppDelegate.swift */ = {isa = PBXFileReference; lastKnownFileType = sourcecode.swift; path = AppDelegate.swift; sourceTree = "<group>"; };
		41236B981D11E8450080500D /* ViewController.swift */ = {isa = PBXFileReference; lastKnownFileType = sourcecode.swift; path = ViewController.swift; sourceTree = "<group>"; };
		41236B9B1D11E8450080500D /* Base */ = {isa = PBXFileReference; lastKnownFileType = file.storyboard; name = Base; path = Base.lproj/Main.storyboard; sourceTree = "<group>"; };
		41236B9D1D11E8450080500D /* Assets.xcassets */ = {isa = PBXFileReference; lastKnownFileType = folder.assetcatalog; path = Assets.xcassets; sourceTree = "<group>"; };
		41236BA01D11E8450080500D /* Base */ = {isa = PBXFileReference; lastKnownFileType = file.storyboard; name = Base; path = Base.lproj/LaunchScreen.storyboard; sourceTree = "<group>"; };
		41236BA21D11E8450080500D /* Info.plist */ = {isa = PBXFileReference; lastKnownFileType = text.plist.xml; path = Info.plist; sourceTree = "<group>"; };
		41236BA81D13594E0080500D /* InteractiveStory.swift */ = {isa = PBXFileReference; fileEncoding = 4; lastKnownFileType = sourcecode.swift; path = InteractiveStory.swift; sourceTree = "<group>"; };
		41236BAA1D1481060080500D /* PageController.swift */ = {isa = PBXFileReference; fileEncoding = 4; lastKnownFileType = sourcecode.swift; path = PageController.swift; sourceTree = "<group>"; };
/* End PBXFileReference section */

/* Begin PBXFrameworksBuildPhase section */
		41236B901D11E8440080500D /* Frameworks */ = {
			isa = PBXFrameworksBuildPhase;
			buildActionMask = 2147483647;
			files = (
			);
			runOnlyForDeploymentPostprocessing = 0;
		};
/* End PBXFrameworksBuildPhase section */

/* Begin PBXGroup section */
		41236B8A1D11E8440080500D = {
			isa = PBXGroup;
			children = (
				41236B951D11E8450080500D /* JuliansInteractiveStory */,
				41236B941D11E8440080500D /* Products */,
			);
			sourceTree = "<group>";
		};
		41236B941D11E8440080500D /* Products */ = {
			isa = PBXGroup;
			children = (
				41236B931D11E8440080500D /* JuliansInteractiveStory.app */,
			);
			name = Products;
			sourceTree = "<group>";
		};
		41236B951D11E8450080500D /* JuliansInteractiveStory */ = {
			isa = PBXGroup;
			children = (
				41236B961D11E8450080500D /* AppDelegate.swift */,
				41236B981D11E8450080500D /* ViewController.swift */,
				41236BA81D13594E0080500D /* InteractiveStory.swift */,
				41236BAA1D1481060080500D /* PageController.swift */,
				41236B9A1D11E8450080500D /* Main.storyboard */,
				41236B9D1D11E8450080500D /* Assets.xcassets */,
				41236B9F1D11E8450080500D /* LaunchScreen.storyboard */,
				41236BA21D11E8450080500D /* Info.plist */,
			);
			path = JuliansInteractiveStory;
			sourceTree = "<group>";
		};
/* End PBXGroup section */

/* Begin PBXNativeTarget section */
		41236B921D11E8440080500D /* JuliansInteractiveStory */ = {
			isa = PBXNativeTarget;
			buildConfigurationList = 41236BA51D11E8450080500D /* Build configuration list for PBXNativeTarget "JuliansInteractiveStory" */;
			buildPhases = (
				41236B8F1D11E8440080500D /* Sources */,
				41236B901D11E8440080500D /* Frameworks */,
				41236B911D11E8440080500D /* Resources */,
			);
			buildRules = (
			);
			dependencies = (
			);
			name = JuliansInteractiveStory;
			productName = JuliansInteractiveStory;
			productReference = 41236B931D11E8440080500D /* JuliansInteractiveStory.app */;
			productType = "com.apple.product-type.application";
		};
/* End PBXNativeTarget section */

/* Begin PBXProject section */
		41236B8B1D11E8440080500D /* Project object */ = {
			isa = PBXProject;
			attributes = {
				LastSwiftUpdateCheck = 0730;
				LastUpgradeCheck = 0730;
				ORGANIZATIONNAME = "Julian Khatibi";
				TargetAttributes = {
					41236B921D11E8440080500D = {
						CreatedOnToolsVersion = 7.3.1;
						DevelopmentTeam = 88LSS9CLKP;
					};
				};
			};
			buildConfigurationList = 41236B8E1D11E8440080500D /* Build configuration list for PBXProject "JuliansInteractiveStory" */;
			compatibilityVersion = "Xcode 3.2";
			developmentRegion = English;
			hasScannedForEncodings = 0;
			knownRegions = (
				en,
				Base,
			);
			mainGroup = 41236B8A1D11E8440080500D;
			productRefGroup = 41236B941D11E8440080500D /* Products */;
			projectDirPath = "";
			projectRoot = "";
			targets = (
				41236B921D11E8440080500D /* JuliansInteractiveStory */,
			);
		};
/* End PBXProject section */

/* Begin PBXResourcesBuildPhase section */
		41236B911D11E8440080500D /* Resources */ = {
			isa = PBXResourcesBuildPhase;
			buildActionMask = 2147483647;
			files = (
				41236BA11D11E8450080500D /* LaunchScreen.storyboard in Resources */,
				41236B9E1D11E8450080500D /* Assets.xcassets in Resources */,
				41236B9C1D11E8450080500D /* Main.storyboard in Resources */,
			);
			runOnlyForDeploymentPostprocessing = 0;
		};
/* End PBXResourcesBuildPhase section */

/* Begin PBXSourcesBuildPhase section */
		41236B8F1D11E8440080500D /* Sources */ = {
			isa = PBXSourcesBuildPhase;
			buildActionMask = 2147483647;
			files = (
				41236BAB1D1481060080500D /* PageController.swift in Sources */,
				41236BA91D13594E0080500D /* InteractiveStory.swift in Sources */,
				41236B991D11E8450080500D /* ViewController.swift in Sources */,
				41236B971D11E8450080500D /* AppDelegate.swift in Sources */,
			);
			runOnlyForDeploymentPostprocessing = 0;
		};
/* End PBXSourcesBuildPhase section */

/* Begin PBXVariantGroup section */
		41236B9A1D11E8450080500D /* Main.storyboard */ = {
			isa = PBXVariantGroup;
			children = (
				41236B9B1D11E8450080500D /* Base */,
			);
			name = Main.storyboard;
			sourceTree = "<group>";
		};
		41236B9F1D11E8450080500D /* LaunchScreen.storyboard */ = {
			isa = PBXVariantGroup;
			children = (
				41236BA01D11E8450080500D /* Base */,
			);
			name = LaunchScreen.storyboard;
			sourceTree = "<group>";
		};
/* End PBXVariantGroup section */

/* Begin XCBuildConfiguration section */
		41236BA31D11E8450080500D /* Debug */ = {
			isa = XCBuildConfiguration;
			buildSettings = {
				ALWAYS_SEARCH_USER_PATHS = NO;
				CLANG_ANALYZER_NONNULL = YES;
				CLANG_CXX_LANGUAGE_STANDARD = "gnu++0x";
				CLANG_CXX_LIBRARY = "libc++";
				CLANG_ENABLE_MODULES = YES;
				CLANG_ENABLE_OBJC_ARC = YES;
				CLANG_WARN_BOOL_CONVERSION = YES;
				CLANG_WARN_CONSTANT_CONVERSION = YES;
				CLANG_WARN_DIRECT_OBJC_ISA_USAGE = YES_ERROR;
				CLANG_WARN_EMPTY_BODY = YES;
				CLANG_WARN_ENUM_CONVERSION = YES;
				CLANG_WARN_INT_CONVERSION = YES;
				CLANG_WARN_OBJC_ROOT_CLASS = YES_ERROR;
				CLANG_WARN_UNREACHABLE_CODE = YES;
				CLANG_WARN__DUPLICATE_METHOD_MATCH = YES;
				"CODE_SIGN_IDENTITY[sdk=iphoneos*]" = "iPhone Developer";
				COPY_PHASE_STRIP = NO;
				DEBUG_INFORMATION_FORMAT = dwarf;
				ENABLE_STRICT_OBJC_MSGSEND = YES;
				ENABLE_TESTABILITY = YES;
				GCC_C_LANGUAGE_STANDARD = gnu99;
				GCC_DYNAMIC_NO_PIC = NO;
				GCC_NO_COMMON_BLOCKS = YES;
				GCC_OPTIMIZATION_LEVEL = 0;
				GCC_PREPROCESSOR_DEFINITIONS = (
					"DEBUG=1",
					"$(inherited)",
				);
				GCC_WARN_64_TO_32_BIT_CONVERSION = YES;
				GCC_WARN_ABOUT_RETURN_TYPE = YES_ERROR;
				GCC_WARN_UNDECLARED_SELECTOR = YES;
				GCC_WARN_UNINITIALIZED_AUTOS = YES_AGGRESSIVE;
				GCC_WARN_UNUSED_FUNCTION = YES;
				GCC_WARN_UNUSED_VARIABLE = YES;
				IPHONEOS_DEPLOYMENT_TARGET = 9.3;
				MTL_ENABLE_DEBUG_INFO = YES;
				ONLY_ACTIVE_ARCH = YES;
				SDKROOT = iphoneos;
				SWIFT_OPTIMIZATION_LEVEL = "-Onone";
			};
			name = Debug;
		};
		41236BA41D11E8450080500D /* Release */ = {
			isa = XCBuildConfiguration;
			buildSettings = {
				ALWAYS_SEARCH_USER_PATHS = NO;
				CLANG_ANALYZER_NONNULL = YES;
				CLANG_CXX_LANGUAGE_STANDARD = "gnu++0x";
				CLANG_CXX_LIBRARY = "libc++";
				CLANG_ENABLE_MODULES = YES;
				CLANG_ENABLE_OBJC_ARC = YES;
				CLANG_WARN_BOOL_CONVERSION = YES;
				CLANG_WARN_CONSTANT_CONVERSION = YES;
				CLANG_WARN_DIRECT_OBJC_ISA_USAGE = YES_ERROR;
				CLANG_WARN_EMPTY_BODY = YES;
				CLANG_WARN_ENUM_CONVERSION = YES;
				CLANG_WARN_INT_CONVERSION = YES;
				CLANG_WARN_OBJC_ROOT_CLASS = YES_ERROR;
				CLANG_WARN_UNREACHABLE_CODE = YES;
				CLANG_WARN__DUPLICATE_METHOD_MATCH = YES;
				"CODE_SIGN_IDENTITY[sdk=iphoneos*]" = "iPhone Developer";
				COPY_PHASE_STRIP = NO;
				DEBUG_INFORMATION_FORMAT = "dwarf-with-dsym";
				ENABLE_NS_ASSERTIONS = NO;
				ENABLE_STRICT_OBJC_MSGSEND = YES;
				GCC_C_LANGUAGE_STANDARD = gnu99;
				GCC_NO_COMMON_BLOCKS = YES;
				GCC_WARN_64_TO_32_BIT_CONVERSION = YES;
				GCC_WARN_ABOUT_RETURN_TYPE = YES_ERROR;
				GCC_WARN_UNDECLARED_SELECTOR = YES;
				GCC_WARN_UNINITIALIZED_AUTOS = YES_AGGRESSIVE;
				GCC_WARN_UNUSED_FUNCTION = YES;
				GCC_WARN_UNUSED_VARIABLE = YES;
				IPHONEOS_DEPLOYMENT_TARGET = 9.3;
				MTL_ENABLE_DEBUG_INFO = NO;
				SDKROOT = iphoneos;
				VALIDATE_PRODUCT = YES;
			};
			name = Release;
		};
		41236BA61D11E8450080500D /* Debug */ = {
			isa = XCBuildConfiguration;
			buildSettings = {
				ASSETCATALOG_COMPILER_APPICON_NAME = AppIcon;
				INFOPLIST_FILE = JuliansInteractiveStory/Info.plist;
				LD_RUNPATH_SEARCH_PATHS = "$(inherited) @executable_path/Frameworks";
				PRODUCT_BUNDLE_IDENTIFIER = com.khatibiestates.JuliansInteractiveStory;
				PRODUCT_NAME = "$(TARGET_NAME)";
			};
			name = Debug;
		};
		41236BA71D11E8450080500D /* Release */ = {
			isa = XCBuildConfiguration;
			buildSettings = {
				ASSETCATALOG_COMPILER_APPICON_NAME = AppIcon;
				INFOPLIST_FILE = JuliansInteractiveStory/Info.plist;
				LD_RUNPATH_SEARCH_PATHS = "$(inherited) @executable_path/Frameworks";
				PRODUCT_BUNDLE_IDENTIFIER = com.khatibiestates.JuliansInteractiveStory;
				PRODUCT_NAME = "$(TARGET_NAME)";
			};
			name = Release;
		};
/* End XCBuildConfiguration section */

/* Begin XCConfigurationList section */
		41236B8E1D11E8440080500D /* Build configuration list for PBXProject "JuliansInteractiveStory" */ = {
			isa = XCConfigurationList;
			buildConfigurations = (
				41236BA31D11E8450080500D /* Debug */,
				41236BA41D11E8450080500D /* Release */,
			);
			defaultConfigurationIsVisible = 0;
			defaultConfigurationName = Release;
		};
		41236BA51D11E8450080500D /* Build configuration list for PBXNativeTarget "JuliansInteractiveStory" */ = {
			isa = XCConfigurationList;
			buildConfigurations = (
				41236BA61D11E8450080500D /* Debug */,
				41236BA71D11E8450080500D /* Release */,
			);
			defaultConfigurationIsVisible = 0;
		};
/* End XCConfigurationList section */
	};
	rootObject = 41236B8B1D11E8440080500D /* Project object */;
}
